
Microsoft Visual Studio Solution File, Format Version 12.00
# Visual Studio 15
VisualStudioVersion = 15.0.28307.271
MinimumVisualStudioVersion = 10.0.40219.1
Project("{9A19103F-16F7-4668-BE54-9A1E7A4F7556}") = "RingCentral.Net", "RingCentral.Net\RingCentral.Net.csproj", "{D86932E7-BB04-4412-9BAD-156382504E90}"
EndProject
Project("{9A19103F-16F7-4668-BE54-9A1E7A4F7556}") = "RingCentral.Tests", "RingCentral.Tests\RingCentral.Tests.csproj", "{9532BF16-8BCB-4AA2-B311-364286093DCF}"
EndProject
Project("{9A19103F-16F7-4668-BE54-9A1E7A4F7556}") = "RingCentral.Demo.NetCore", "RingCentral.Demo.NetCore\RingCentral.Demo.NetCore.csproj", "{D258AB70-56EA-4E3C-839D-50BF354C4969}"
EndProject
Project("{9A19103F-16F7-4668-BE54-9A1E7A4F7556}") = "RingCentral.Net.PubnubPCL", "RingCentral.Net.PubnubPCL\RingCentral.Net.PubnubPCL.csproj", "{8F6B2DF8-0911-4367-BA13-F3790D506E16}"
EndProject
Project("{FAE04EC0-301F-11D3-BF4B-00C04F79EFBC}") = "RingCentral.Demo.NetFramework", "RingCentral.Demo.NetFramework\RingCentral.Demo.NetFramework.csproj", "{8F0ECB96-8871-40FE-AFFA-54B502AA008E}"
EndProject
Project("{FAE04EC0-301F-11D3-BF4B-00C04F79EFBC}") = "RingCentral.Net.Pubnub", "RingCentral.Net.Pubnub\RingCentral.Net.Pubnub.csproj", "{FCBB6D8C-8A1A-4D34-A864-100F585C26E0}"
EndProject
Global
	GlobalSection(SolutionConfigurationPlatforms) = preSolution
		Debug|Any CPU = Debug|Any CPU
		Release|Any CPU = Release|Any CPU
	EndGlobalSection
	GlobalSection(ProjectConfigurationPlatforms) = postSolution
		{D86932E7-BB04-4412-9BAD-156382504E90}.Debug|Any CPU.ActiveCfg = Debug|Any CPU
		{D86932E7-BB04-4412-9BAD-156382504E90}.Debug|Any CPU.Build.0 = Debug|Any CPU
		{D86932E7-BB04-4412-9BAD-156382504E90}.Release|Any CPU.ActiveCfg = Release|Any CPU
		{D86932E7-BB04-4412-9BAD-156382504E90}.Release|Any CPU.Build.0 = Release|Any CPU
		{9532BF16-8BCB-4AA2-B311-364286093DCF}.Debug|Any CPU.ActiveCfg = Debug|Any CPU
		{9532BF16-8BCB-4AA2-B311-364286093DCF}.Debug|Any CPU.Build.0 = Debug|Any CPU
		{9532BF16-8BCB-4AA2-B311-364286093DCF}.Release|Any CPU.ActiveCfg = Release|Any CPU
		{9532BF16-8BCB-4AA2-B311-364286093DCF}.Release|Any CPU.Build.0 = Release|Any CPU
		{D258AB70-56EA-4E3C-839D-50BF354C4969}.Debug|Any CPU.ActiveCfg = Debug|Any CPU
		{D258AB70-56EA-4E3C-839D-50BF354C4969}.Debug|Any CPU.Build.0 = Debug|Any CPU
		{D258AB70-56EA-4E3C-839D-50BF354C4969}.Release|Any CPU.ActiveCfg = Release|Any CPU
		{D258AB70-56EA-4E3C-839D-50BF354C4969}.Release|Any CPU.Build.0 = Release|Any CPU
		{8F6B2DF8-0911-4367-BA13-F3790D506E16}.Debug|Any CPU.ActiveCfg = Debug|Any CPU
		{8F6B2DF8-0911-4367-BA13-F3790D506E16}.Debug|Any CPU.Build.0 = Debug|Any CPU
		{8F6B2DF8-0911-4367-BA13-F3790D506E16}.Release|Any CPU.ActiveCfg = Release|Any CPU
		{8F6B2DF8-0911-4367-BA13-F3790D506E16}.Release|Any CPU.Build.0 = Release|Any CPU
		{8F0ECB96-8871-40FE-AFFA-54B502AA008E}.Debug|Any CPU.ActiveCfg = Debug|Any CPU
		{8F0ECB96-8871-40FE-AFFA-54B502AA008E}.Debug|Any CPU.Build.0 = Debug|Any CPU
		{8F0ECB96-8871-40FE-AFFA-54B502AA008E}.Release|Any CPU.ActiveCfg = Release|Any CPU
		{8F0ECB96-8871-40FE-AFFA-54B502AA008E}.Release|Any CPU.Build.0 = Release|Any CPU
		{FCBB6D8C-8A1A-4D34-A864-100F585C26E0}.Debug|Any CPU.ActiveCfg = Debug|Any CPU
		{FCBB6D8C-8A1A-4D34-A864-100F585C26E0}.Debug|Any CPU.Build.0 = Debug|Any CPU
		{FCBB6D8C-8A1A-4D34-A864-100F585C26E0}.Release|Any CPU.ActiveCfg = Release|Any CPU
		{FCBB6D8C-8A1A-4D34-A864-100F585C26E0}.Release|Any CPU.Build.0 = Release|Any CPU
	EndGlobalSection
	GlobalSection(SolutionProperties) = preSolution
		HideSolutionNode = FALSE
	EndGlobalSection
	GlobalSection(ExtensibilityGlobals) = postSolution
		SolutionGuid = {DBE3D4AB-EEB8-4E58-B4AC-1F07E3F53F1B}
	EndGlobalSection
EndGlobal
