
Microsoft Visual Studio Solution File, Format Version 12.00
Project("{FAE04EC0-301F-11D3-BF4B-00C04F79EFBC}") = "RingCentral.Net", "RingCentral.Net\RingCentral.Net.csproj", "{D86932E7-BB04-4412-9BAD-156382504E90}"
EndProject
Project("{FAE04EC0-301F-11D3-BF4B-00C04F79EFBC}") = "RingCentral.Tests", "RingCentral.Tests\RingCentral.Tests.csproj", "{9532BF16-8BCB-4AA2-B311-364286093DCF}"
EndProject
Project("{FAE04EC0-301F-11D3-BF4B-00C04F79EFBC}") = "RingCentral.Demo.NetCore", "RingCentral.Demo.NetCore\RingCentral.Demo.NetCore.csproj", "{D258AB70-56EA-4E3C-839D-50BF354C4969}"
EndProject
Global
	GlobalSection(SolutionConfigurationPlatforms) = preSolution
		Debug|Any CPU = Debug|Any CPU
		Release|Any CPU = Release|Any CPU
	EndGlobalSection
	GlobalSection(ProjectConfigurationPlatforms) = postSolution
		{D86932E7-BB04-4412-9BAD-156382504E90}.Debug|Any CPU.ActiveCfg = Debug|Any CPU
		{D86932E7-BB04-4412-9BAD-156382504E90}.Debug|Any CPU.Build.0 = Debug|Any CPU
		{D86932E7-BB04-4412-9BAD-156382504E90}.Release|Any CPU.ActiveCfg = Release|Any CPU
		{D86932E7-BB04-4412-9BAD-156382504E90}.Release|Any CPU.Build.0 = Release|Any CPU
		{9532BF16-8BCB-4AA2-B311-364286093DCF}.Debug|Any CPU.ActiveCfg = Debug|Any CPU
		{9532BF16-8BCB-4AA2-B311-364286093DCF}.Debug|Any CPU.Build.0 = Debug|Any CPU
		{9532BF16-8BCB-4AA2-B311-364286093DCF}.Release|Any CPU.ActiveCfg = Release|Any CPU
		{9532BF16-8BCB-4AA2-B311-364286093DCF}.Release|Any CPU.Build.0 = Release|Any CPU
		{D258AB70-56EA-4E3C-839D-50BF354C4969}.Debug|Any CPU.ActiveCfg = Debug|Any CPU
		{D258AB70-56EA-4E3C-839D-50BF354C4969}.Debug|Any CPU.Build.0 = Debug|Any CPU
		{D258AB70-56EA-4E3C-839D-50BF354C4969}.Release|Any CPU.ActiveCfg = Release|Any CPU
		{D258AB70-56EA-4E3C-839D-50BF354C4969}.Release|Any CPU.Build.0 = Release|Any CPU
	EndGlobalSection
EndGlobal
